
Microsoft Visual Studio Solution File, Format Version 12.00
# Visual Studio 14
VisualStudioVersion = 14.0.25420.1
MinimumVisualStudioVersion = 10.0.40219.1
Project("{FAE04EC0-301F-11D3-BF4B-00C04F79EFBC}") = "Zenuine.API", "Zenuine.API\Zenuine.API.csproj", "{9DAA6D93-8426-46A0-A286-E6589C8A8CB4}"
EndProject
Project("{FAE04EC0-301F-11D3-BF4B-00C04F79EFBC}") = "EntityDataAccess", "EntityDataAccess\EntityDataAccess.csproj", "{D8B260BB-C2E7-4376-8E76-A98DBEE8B926}"
EndProject
Project("{FAE04EC0-301F-11D3-BF4B-00C04F79EFBC}") = "EntityObjects", "EntityObjects\EntityObjects.csproj", "{96C5CA6A-B2D7-4D10-8C84-118E1B88CA05}"
EndProject
Project("{FAE04EC0-301F-11D3-BF4B-00C04F79EFBC}") = "ErrorHandling", "ErrorHandling\ErrorHandling.csproj", "{EBE0656F-27F6-4261-B7B3-F843B452060C}"
EndProject
Project("{FAE04EC0-301F-11D3-BF4B-00C04F79EFBC}") = "SmtpEmail", "SmtpEmail\SmtpEmail.csproj", "{91B1BEDB-4143-42DC-BF12-E4309BF0B151}"
EndProject
Project("{FAE04EC0-301F-11D3-BF4B-00C04F79EFBC}") = "UtilityBusiness", "UtilityBusinessObjects\UtilityBusiness.csproj", "{3C352996-8CA6-41FD-AB30-95F73CC2C5E8}"
EndProject
Project("{FAE04EC0-301F-11D3-BF4B-00C04F79EFBC}") = "Modules", "Modules\Modules.csproj", "{B1661B82-A886-4B31-9989-6B0AC774AA5C}"
EndProject
Global
	GlobalSection(SolutionConfigurationPlatforms) = preSolution
		Debug|Any CPU = Debug|Any CPU
		QA|Any CPU = QA|Any CPU
		Release|Any CPU = Release|Any CPU
		Test|Any CPU = Test|Any CPU
		TestIndrani|Any CPU = TestIndrani|Any CPU
	EndGlobalSection
	GlobalSection(ProjectConfigurationPlatforms) = postSolution
		{9DAA6D93-8426-46A0-A286-E6589C8A8CB4}.Debug|Any CPU.ActiveCfg = Debug|Any CPU
		{9DAA6D93-8426-46A0-A286-E6589C8A8CB4}.Debug|Any CPU.Build.0 = Debug|Any CPU
		{9DAA6D93-8426-46A0-A286-E6589C8A8CB4}.QA|Any CPU.ActiveCfg = Release|Any CPU
		{9DAA6D93-8426-46A0-A286-E6589C8A8CB4}.QA|Any CPU.Build.0 = Release|Any CPU
		{9DAA6D93-8426-46A0-A286-E6589C8A8CB4}.Release|Any CPU.ActiveCfg = Release|Any CPU
		{9DAA6D93-8426-46A0-A286-E6589C8A8CB4}.Release|Any CPU.Build.0 = Release|Any CPU
		{9DAA6D93-8426-46A0-A286-E6589C8A8CB4}.Test|Any CPU.ActiveCfg = Release|Any CPU
		{9DAA6D93-8426-46A0-A286-E6589C8A8CB4}.Test|Any CPU.Build.0 = Release|Any CPU
		{9DAA6D93-8426-46A0-A286-E6589C8A8CB4}.TestIndrani|Any CPU.ActiveCfg = Release|Any CPU
		{9DAA6D93-8426-46A0-A286-E6589C8A8CB4}.TestIndrani|Any CPU.Build.0 = Release|Any CPU
		{D8B260BB-C2E7-4376-8E76-A98DBEE8B926}.Debug|Any CPU.ActiveCfg = Debug|Any CPU
		{D8B260BB-C2E7-4376-8E76-A98DBEE8B926}.Debug|Any CPU.Build.0 = Debug|Any CPU
		{D8B260BB-C2E7-4376-8E76-A98DBEE8B926}.QA|Any CPU.ActiveCfg = TestIndrani|Any CPU
		{D8B260BB-C2E7-4376-8E76-A98DBEE8B926}.QA|Any CPU.Build.0 = TestIndrani|Any CPU
		{D8B260BB-C2E7-4376-8E76-A98DBEE8B926}.Release|Any CPU.ActiveCfg = Release|Any CPU
		{D8B260BB-C2E7-4376-8E76-A98DBEE8B926}.Release|Any CPU.Build.0 = Release|Any CPU
		{D8B260BB-C2E7-4376-8E76-A98DBEE8B926}.Test|Any CPU.ActiveCfg = Test|Any CPU
		{D8B260BB-C2E7-4376-8E76-A98DBEE8B926}.Test|Any CPU.Build.0 = Test|Any CPU
		{D8B260BB-C2E7-4376-8E76-A98DBEE8B926}.TestIndrani|Any CPU.ActiveCfg = TestIndrani|Any CPU
		{D8B260BB-C2E7-4376-8E76-A98DBEE8B926}.TestIndrani|Any CPU.Build.0 = TestIndrani|Any CPU
		{96C5CA6A-B2D7-4D10-8C84-118E1B88CA05}.Debug|Any CPU.ActiveCfg = Debug|Any CPU
		{96C5CA6A-B2D7-4D10-8C84-118E1B88CA05}.Debug|Any CPU.Build.0 = Debug|Any CPU
		{96C5CA6A-B2D7-4D10-8C84-118E1B88CA05}.QA|Any CPU.ActiveCfg = TestIndrani|Any CPU
		{96C5CA6A-B2D7-4D10-8C84-118E1B88CA05}.QA|Any CPU.Build.0 = TestIndrani|Any CPU
		{96C5CA6A-B2D7-4D10-8C84-118E1B88CA05}.Release|Any CPU.ActiveCfg = Release|Any CPU
		{96C5CA6A-B2D7-4D10-8C84-118E1B88CA05}.Release|Any CPU.Build.0 = Release|Any CPU
		{96C5CA6A-B2D7-4D10-8C84-118E1B88CA05}.Test|Any CPU.ActiveCfg = Test|Any CPU
		{96C5CA6A-B2D7-4D10-8C84-118E1B88CA05}.Test|Any CPU.Build.0 = Test|Any CPU
		{96C5CA6A-B2D7-4D10-8C84-118E1B88CA05}.TestIndrani|Any CPU.ActiveCfg = TestIndrani|Any CPU
		{96C5CA6A-B2D7-4D10-8C84-118E1B88CA05}.TestIndrani|Any CPU.Build.0 = TestIndrani|Any CPU
		{EBE0656F-27F6-4261-B7B3-F843B452060C}.Debug|Any CPU.ActiveCfg = Debug|Any CPU
		{EBE0656F-27F6-4261-B7B3-F843B452060C}.Debug|Any CPU.Build.0 = Debug|Any CPU
		{EBE0656F-27F6-4261-B7B3-F843B452060C}.QA|Any CPU.ActiveCfg = TestIndrani|Any CPU
		{EBE0656F-27F6-4261-B7B3-F843B452060C}.QA|Any CPU.Build.0 = TestIndrani|Any CPU
		{EBE0656F-27F6-4261-B7B3-F843B452060C}.Release|Any CPU.ActiveCfg = Release|Any CPU
		{EBE0656F-27F6-4261-B7B3-F843B452060C}.Release|Any CPU.Build.0 = Release|Any CPU
		{EBE0656F-27F6-4261-B7B3-F843B452060C}.Test|Any CPU.ActiveCfg = Test|Any CPU
		{EBE0656F-27F6-4261-B7B3-F843B452060C}.Test|Any CPU.Build.0 = Test|Any CPU
		{EBE0656F-27F6-4261-B7B3-F843B452060C}.TestIndrani|Any CPU.ActiveCfg = TestIndrani|Any CPU
		{EBE0656F-27F6-4261-B7B3-F843B452060C}.TestIndrani|Any CPU.Build.0 = TestIndrani|Any CPU
		{91B1BEDB-4143-42DC-BF12-E4309BF0B151}.Debug|Any CPU.ActiveCfg = Debug|Any CPU
		{91B1BEDB-4143-42DC-BF12-E4309BF0B151}.Debug|Any CPU.Build.0 = Debug|Any CPU
		{91B1BEDB-4143-42DC-BF12-E4309BF0B151}.QA|Any CPU.ActiveCfg = QA|Any CPU
		{91B1BEDB-4143-42DC-BF12-E4309BF0B151}.QA|Any CPU.Build.0 = QA|Any CPU
		{91B1BEDB-4143-42DC-BF12-E4309BF0B151}.Release|Any CPU.ActiveCfg = Release|Any CPU
		{91B1BEDB-4143-42DC-BF12-E4309BF0B151}.Release|Any CPU.Build.0 = Release|Any CPU
		{91B1BEDB-4143-42DC-BF12-E4309BF0B151}.Test|Any CPU.ActiveCfg = Test|Any CPU
		{91B1BEDB-4143-42DC-BF12-E4309BF0B151}.Test|Any CPU.Build.0 = Test|Any CPU
		{91B1BEDB-4143-42DC-BF12-E4309BF0B151}.TestIndrani|Any CPU.ActiveCfg = Test|Any CPU
		{91B1BEDB-4143-42DC-BF12-E4309BF0B151}.TestIndrani|Any CPU.Build.0 = Test|Any CPU
		{3C352996-8CA6-41FD-AB30-95F73CC2C5E8}.Debug|Any CPU.ActiveCfg = Debug|Any CPU
		{3C352996-8CA6-41FD-AB30-95F73CC2C5E8}.Debug|Any CPU.Build.0 = Debug|Any CPU
		{3C352996-8CA6-41FD-AB30-95F73CC2C5E8}.QA|Any CPU.ActiveCfg = TestIndrani|Any CPU
		{3C352996-8CA6-41FD-AB30-95F73CC2C5E8}.QA|Any CPU.Build.0 = TestIndrani|Any CPU
		{3C352996-8CA6-41FD-AB30-95F73CC2C5E8}.Release|Any CPU.ActiveCfg = Release|Any CPU
		{3C352996-8CA6-41FD-AB30-95F73CC2C5E8}.Release|Any CPU.Build.0 = Release|Any CPU
		{3C352996-8CA6-41FD-AB30-95F73CC2C5E8}.Test|Any CPU.ActiveCfg = Test|Any CPU
		{3C352996-8CA6-41FD-AB30-95F73CC2C5E8}.Test|Any CPU.Build.0 = Test|Any CPU
		{3C352996-8CA6-41FD-AB30-95F73CC2C5E8}.TestIndrani|Any CPU.ActiveCfg = TestIndrani|Any CPU
		{3C352996-8CA6-41FD-AB30-95F73CC2C5E8}.TestIndrani|Any CPU.Build.0 = TestIndrani|Any CPU
		{B1661B82-A886-4B31-9989-6B0AC774AA5C}.Debug|Any CPU.ActiveCfg = Debug|Any CPU
		{B1661B82-A886-4B31-9989-6B0AC774AA5C}.Debug|Any CPU.Build.0 = Debug|Any CPU
		{B1661B82-A886-4B31-9989-6B0AC774AA5C}.QA|Any CPU.ActiveCfg = Release|Any CPU
		{B1661B82-A886-4B31-9989-6B0AC774AA5C}.QA|Any CPU.Build.0 = Release|Any CPU
		{B1661B82-A886-4B31-9989-6B0AC774AA5C}.Release|Any CPU.ActiveCfg = Release|Any CPU
		{B1661B82-A886-4B31-9989-6B0AC774AA5C}.Release|Any CPU.Build.0 = Release|Any CPU
		{B1661B82-A886-4B31-9989-6B0AC774AA5C}.Test|Any CPU.ActiveCfg = Release|Any CPU
		{B1661B82-A886-4B31-9989-6B0AC774AA5C}.Test|Any CPU.Build.0 = Release|Any CPU
		{B1661B82-A886-4B31-9989-6B0AC774AA5C}.TestIndrani|Any CPU.ActiveCfg = Release|Any CPU
		{B1661B82-A886-4B31-9989-6B0AC774AA5C}.TestIndrani|Any CPU.Build.0 = Release|Any CPU
	EndGlobalSection
	GlobalSection(SolutionProperties) = preSolution
		HideSolutionNode = FALSE
	EndGlobalSection
EndGlobal
